// !$*UTF8*$!
{
	archiveVersion = 1;
	classes = {
	};
	objectVersion = 46;
	objects = {

/* Begin PBXBuildFile section */
		04AC4B071D473D220016E4F3 /* AppDelegate.swift in Sources */ = {isa = PBXBuildFile; fileRef = 04AC4B061D473D220016E4F3 /* AppDelegate.swift */; };
		04AC4B0E1D473D220016E4F3 /* Assets.xcassets in Resources */ = {isa = PBXBuildFile; fileRef = 04AC4B0D1D473D220016E4F3 /* Assets.xcassets */; };
		04AC4B111D473D220016E4F3 /* LaunchScreen.storyboard in Resources */ = {isa = PBXBuildFile; fileRef = 04AC4B0F1D473D220016E4F3 /* LaunchScreen.storyboard */; };
		04AC4B1A1D473D2C0016E4F3 /* UIWindow+Transition.swift in Sources */ = {isa = PBXBuildFile; fileRef = 04AC4B191D473D2C0016E4F3 /* UIWindow+Transition.swift */; };
		04AC4B1D1D473E060016E4F3 /* TabBarOneController.swift in Sources */ = {isa = PBXBuildFile; fileRef = 04AC4B1C1D473E060016E4F3 /* TabBarOneController.swift */; };
		04AC4B1F1D473E110016E4F3 /* TabBarTwoController.swift in Sources */ = {isa = PBXBuildFile; fileRef = 04AC4B1E1D473E110016E4F3 /* TabBarTwoController.swift */; };
		04AC4B211D473E580016E4F3 /* OneViewController.swift in Sources */ = {isa = PBXBuildFile; fileRef = 04AC4B201D473E580016E4F3 /* OneViewController.swift */; };
		04AC4B231D473E630016E4F3 /* TwoViewController.swift in Sources */ = {isa = PBXBuildFile; fileRef = 04AC4B221D473E630016E4F3 /* TwoViewController.swift */; };
		04AC4B251D473F7F0016E4F3 /* Macro.swift in Sources */ = {isa = PBXBuildFile; fileRef = 04AC4B241D473F7F0016E4F3 /* Macro.swift */; };
/* End PBXBuildFile section */

/* Begin PBXFileReference section */
		04AC4B031D473D220016E4F3 /* UIWindow-Transition-Sample.app */ = {isa = PBXFileReference; explicitFileType = wrapper.application; includeInIndex = 0; path = "UIWindow-Transition-Sample.app"; sourceTree = BUILT_PRODUCTS_DIR; };
		04AC4B061D473D220016E4F3 /* AppDelegate.swift */ = {isa = PBXFileReference; lastKnownFileType = sourcecode.swift; path = AppDelegate.swift; sourceTree = "<group>"; };
		04AC4B0D1D473D220016E4F3 /* Assets.xcassets */ = {isa = PBXFileReference; lastKnownFileType = folder.assetcatalog; path = Assets.xcassets; sourceTree = "<group>"; };
		04AC4B101D473D220016E4F3 /* Base */ = {isa = PBXFileReference; lastKnownFileType = file.storyboard; name = Base; path = Base.lproj/LaunchScreen.storyboard; sourceTree = "<group>"; };
		04AC4B121D473D220016E4F3 /* Info.plist */ = {isa = PBXFileReference; lastKnownFileType = text.plist.xml; path = Info.plist; sourceTree = "<group>"; };
		04AC4B191D473D2C0016E4F3 /* UIWindow+Transition.swift */ = {isa = PBXFileReference; fileEncoding = 4; lastKnownFileType = sourcecode.swift; path = "UIWindow+Transition.swift"; sourceTree = "<group>"; };
		04AC4B1C1D473E060016E4F3 /* TabBarOneController.swift */ = {isa = PBXFileReference; fileEncoding = 4; lastKnownFileType = sourcecode.swift; path = TabBarOneController.swift; sourceTree = "<group>"; };
		04AC4B1E1D473E110016E4F3 /* TabBarTwoController.swift */ = {isa = PBXFileReference; fileEncoding = 4; lastKnownFileType = sourcecode.swift; path = TabBarTwoController.swift; sourceTree = "<group>"; };
		04AC4B201D473E580016E4F3 /* OneViewController.swift */ = {isa = PBXFileReference; fileEncoding = 4; lastKnownFileType = sourcecode.swift; path = OneViewController.swift; sourceTree = "<group>"; };
		04AC4B221D473E630016E4F3 /* TwoViewController.swift */ = {isa = PBXFileReference; fileEncoding = 4; lastKnownFileType = sourcecode.swift; path = TwoViewController.swift; sourceTree = "<group>"; };
		04AC4B241D473F7F0016E4F3 /* Macro.swift */ = {isa = PBXFileReference; fileEncoding = 4; lastKnownFileType = sourcecode.swift; path = Macro.swift; sourceTree = "<group>"; };
/* End PBXFileReference section */

/* Begin PBXFrameworksBuildPhase section */
		04AC4B001D473D220016E4F3 /* Frameworks */ = {
			isa = PBXFrameworksBuildPhase;
			buildActionMask = 2147483647;
			files = (
			);
			runOnlyForDeploymentPostprocessing = 0;
		};
/* End PBXFrameworksBuildPhase section */

/* Begin PBXGroup section */
		04AC4AFA1D473D220016E4F3 = {
			isa = PBXGroup;
			children = (
				04AC4B051D473D220016E4F3 /* UIWindow-Transition-Sample */,
				04AC4B041D473D220016E4F3 /* Products */,
			);
			sourceTree = "<group>";
		};
		04AC4B041D473D220016E4F3 /* Products */ = {
			isa = PBXGroup;
			children = (
				04AC4B031D473D220016E4F3 /* UIWindow-Transition-Sample.app */,
			);
			name = Products;
			sourceTree = "<group>";
		};
		04AC4B051D473D220016E4F3 /* UIWindow-Transition-Sample */ = {
			isa = PBXGroup;
			children = (
				04AC4B061D473D220016E4F3 /* AppDelegate.swift */,
				04AC4B1B1D473D3B0016E4F3 /* Supporting Files */,
				04AC4B181D473D2C0016E4F3 /* UIWindow-Transition */,
				04AC4B1C1D473E060016E4F3 /* TabBarOneController.swift */,
				04AC4B1E1D473E110016E4F3 /* TabBarTwoController.swift */,
				04AC4B201D473E580016E4F3 /* OneViewController.swift */,
				04AC4B221D473E630016E4F3 /* TwoViewController.swift */,
				04AC4B241D473F7F0016E4F3 /* Macro.swift */,
			);
			path = "UIWindow-Transition-Sample";
			sourceTree = "<group>";
		};
		04AC4B181D473D2C0016E4F3 /* UIWindow-Transition */ = {
			isa = PBXGroup;
			children = (
				04AC4B191D473D2C0016E4F3 /* UIWindow+Transition.swift */,
			);
			path = "UIWindow-Transition";
			sourceTree = "<group>";
		};
		04AC4B1B1D473D3B0016E4F3 /* Supporting Files */ = {
			isa = PBXGroup;
			children = (
				04AC4B0D1D473D220016E4F3 /* Assets.xcassets */,
				04AC4B0F1D473D220016E4F3 /* LaunchScreen.storyboard */,
				04AC4B121D473D220016E4F3 /* Info.plist */,
			);
			name = "Supporting Files";
			sourceTree = "<group>";
		};
/* End PBXGroup section */

/* Begin PBXNativeTarget section */
		04AC4B021D473D220016E4F3 /* UIWindow-Transition-Sample */ = {
			isa = PBXNativeTarget;
			buildConfigurationList = 04AC4B151D473D220016E4F3 /* Build configuration list for PBXNativeTarget "UIWindow-Transition-Sample" */;
			buildPhases = (
				04AC4AFF1D473D220016E4F3 /* Sources */,
				04AC4B001D473D220016E4F3 /* Frameworks */,
				04AC4B011D473D220016E4F3 /* Resources */,
			);
			buildRules = (
			);
			dependencies = (
			);
			name = "UIWindow-Transition-Sample";
			productName = "UIWindow-Transition-Sample";
			productReference = 04AC4B031D473D220016E4F3 /* UIWindow-Transition-Sample.app */;
			productType = "com.apple.product-type.application";
		};
/* End PBXNativeTarget section */

/* Begin PBXProject section */
		04AC4AFB1D473D220016E4F3 /* Project object */ = {
			isa = PBXProject;
			attributes = {
				LastSwiftUpdateCheck = 0730;
				LastUpgradeCheck = 0730;
				ORGANIZATIONNAME = "litt1e-p";
				TargetAttributes = {
					04AC4B021D473D220016E4F3 = {
						CreatedOnToolsVersion = 7.3.1;
					};
				};
			};
			buildConfigurationList = 04AC4AFE1D473D220016E4F3 /* Build configuration list for PBXProject "UIWindow-Transition-Sample" */;
			compatibilityVersion = "Xcode 3.2";
			developmentRegion = English;
			hasScannedForEncodings = 0;
			knownRegions = (
				en,
				Base,
			);
			mainGroup = 04AC4AFA1D473D220016E4F3;
			productRefGroup = 04AC4B041D473D220016E4F3 /* Products */;
			projectDirPath = "";
			projectRoot = "";
			targets = (
				04AC4B021D473D220016E4F3 /* UIWindow-Transition-Sample */,
			);
		};
/* End PBXProject section */

/* Begin PBXResourcesBuildPhase section */
		04AC4B011D473D220016E4F3 /* Resources */ = {
			isa = PBXResourcesBuildPhase;
			buildActionMask = 2147483647;
			files = (
				04AC4B111D473D220016E4F3 /* LaunchScreen.storyboard in Resources */,
				04AC4B0E1D473D220016E4F3 /* Assets.xcassets in Resources */,
			);
			runOnlyForDeploymentPostprocessing = 0;
		};
/* End PBXResourcesBuildPhase section */

/* Begin PBXSourcesBuildPhase section */
		04AC4AFF1D473D220016E4F3 /* Sources */ = {
			isa = PBXSourcesBuildPhase;
			buildActionMask = 2147483647;
			files = (
				04AC4B071D473D220016E4F3 /* AppDelegate.swift in Sources */,
				04AC4B251D473F7F0016E4F3 /* Macro.swift in Sources */,
				04AC4B211D473E580016E4F3 /* OneViewController.swift in Sources */,
				04AC4B1D1D473E060016E4F3 /* TabBarOneController.swift in Sources */,
				04AC4B1F1D473E110016E4F3 /* TabBarTwoController.swift in Sources */,
				04AC4B1A1D473D2C0016E4F3 /* UIWindow+Transition.swift in Sources */,
				04AC4B231D473E630016E4F3 /* TwoViewController.swift in Sources */,
			);
			runOnlyForDeploymentPostprocessing = 0;
		};
/* End PBXSourcesBuildPhase section */

/* Begin PBXVariantGroup section */
		04AC4B0F1D473D220016E4F3 /* LaunchScreen.storyboard */ = {
			isa = PBXVariantGroup;
			children = (
				04AC4B101D473D220016E4F3 /* Base */,
			);
			name = LaunchScreen.storyboard;
			sourceTree = "<group>";
		};
/* End PBXVariantGroup section */

/* Begin XCBuildConfiguration section */
		04AC4B131D473D220016E4F3 /* Debug */ = {
			isa = XCBuildConfiguration;
			buildSettings = {
				ALWAYS_SEARCH_USER_PATHS = NO;
				CLANG_ANALYZER_NONNULL = YES;
				CLANG_CXX_LANGUAGE_STANDARD = "gnu++0x";
				CLANG_CXX_LIBRARY = "libc++";
				CLANG_ENABLE_MODULES = YES;
				CLANG_ENABLE_OBJC_ARC = YES;
				CLANG_WARN_BOOL_CONVERSION = YES;
				CLANG_WARN_CONSTANT_CONVERSION = YES;
				CLANG_WARN_DIRECT_OBJC_ISA_USAGE = YES_ERROR;
				CLANG_WARN_EMPTY_BODY = YES;
				CLANG_WARN_ENUM_CONVERSION = YES;
				CLANG_WARN_INT_CONVERSION = YES;
				CLANG_WARN_OBJC_ROOT_CLASS = YES_ERROR;
				CLANG_WARN_UNREACHABLE_CODE = YES;
				CLANG_WARN__DUPLICATE_METHOD_MATCH = YES;
				"CODE_SIGN_IDENTITY[sdk=iphoneos*]" = "iPhone Developer";
				COPY_PHASE_STRIP = NO;
				DEBUG_INFORMATION_FORMAT = dwarf;
				ENABLE_STRICT_OBJC_MSGSEND = YES;
				ENABLE_TESTABILITY = YES;
				GCC_C_LANGUAGE_STANDARD = gnu99;
				GCC_DYNAMIC_NO_PIC = NO;
				GCC_NO_COMMON_BLOCKS = YES;
				GCC_OPTIMIZATION_LEVEL = 0;
				GCC_PREPROCESSOR_DEFINITIONS = (
					"DEBUG=1",
					"$(inherited)",
				);
				GCC_WARN_64_TO_32_BIT_CONVERSION = YES;
				GCC_WARN_ABOUT_RETURN_TYPE = YES_ERROR;
				GCC_WARN_UNDECLARED_SELECTOR = YES;
				GCC_WARN_UNINITIALIZED_AUTOS = YES_AGGRESSIVE;
				GCC_WARN_UNUSED_FUNCTION = YES;
				GCC_WARN_UNUSED_VARIABLE = YES;
				IPHONEOS_DEPLOYMENT_TARGET = 9.3;
				MTL_ENABLE_DEBUG_INFO = YES;
				ONLY_ACTIVE_ARCH = YES;
				SDKROOT = iphoneos;
				SWIFT_OPTIMIZATION_LEVEL = "-Onone";
			};
			name = Debug;
		};
		04AC4B141D473D220016E4F3 /* Release */ = {
			isa = XCBuildConfiguration;
			buildSettings = {
				ALWAYS_SEARCH_USER_PATHS = NO;
				CLANG_ANALYZER_NONNULL = YES;
				CLANG_CXX_LANGUAGE_STANDARD = "gnu++0x";
				CLANG_CXX_LIBRARY = "libc++";
				CLANG_ENABLE_MODULES = YES;
				CLANG_ENABLE_OBJC_ARC = YES;
				CLANG_WARN_BOOL_CONVERSION = YES;
				CLANG_WARN_CONSTANT_CONVERSION = YES;
				CLANG_WARN_DIRECT_OBJC_ISA_USAGE = YES_ERROR;
				CLANG_WARN_EMPTY_BODY = YES;
				CLANG_WARN_ENUM_CONVERSION = YES;
				CLANG_WARN_INT_CONVERSION = YES;
				CLANG_WARN_OBJC_ROOT_CLASS = YES_ERROR;
				CLANG_WARN_UNREACHABLE_CODE = YES;
				CLANG_WARN__DUPLICATE_METHOD_MATCH = YES;
				"CODE_SIGN_IDENTITY[sdk=iphoneos*]" = "iPhone Developer";
				COPY_PHASE_STRIP = NO;
				DEBUG_INFORMATION_FORMAT = "dwarf-with-dsym";
				ENABLE_NS_ASSERTIONS = NO;
				ENABLE_STRICT_OBJC_MSGSEND = YES;
				GCC_C_LANGUAGE_STANDARD = gnu99;
				GCC_NO_COMMON_BLOCKS = YES;
				GCC_WARN_64_TO_32_BIT_CONVERSION = YES;
				GCC_WARN_ABOUT_RETURN_TYPE = YES_ERROR;
				GCC_WARN_UNDECLARED_SELECTOR = YES;
				GCC_WARN_UNINITIALIZED_AUTOS = YES_AGGRESSIVE;
				GCC_WARN_UNUSED_FUNCTION = YES;
				GCC_WARN_UNUSED_VARIABLE = YES;
				IPHONEOS_DEPLOYMENT_TARGET = 9.3;
				MTL_ENABLE_DEBUG_INFO = NO;
				SDKROOT = iphoneos;
				VALIDATE_PRODUCT = YES;
			};
			name = Release;
		};
		04AC4B161D473D220016E4F3 /* Debug */ = {
			isa = XCBuildConfiguration;
			buildSettings = {
				ASSETCATALOG_COMPILER_APPICON_NAME = AppIcon;
				INFOPLIST_FILE = "UIWindow-Transition-Sample/Info.plist";
				IPHONEOS_DEPLOYMENT_TARGET = 8.0;
				LD_RUNPATH_SEARCH_PATHS = "$(inherited) @executable_path/Frameworks";
				PRODUCT_BUNDLE_IDENTIFIER = "com.litt1e-p.UIWindow-Transition-Sample";
				PRODUCT_NAME = "$(TARGET_NAME)";
			};
			name = Debug;
		};
		04AC4B171D473D220016E4F3 /* Release */ = {
			isa = XCBuildConfiguration;
			buildSettings = {
				ASSETCATALOG_COMPILER_APPICON_NAME = AppIcon;
				INFOPLIST_FILE = "UIWindow-Transition-Sample/Info.plist";
				IPHONEOS_DEPLOYMENT_TARGET = 8.0;
				LD_RUNPATH_SEARCH_PATHS = "$(inherited) @executable_path/Frameworks";
				PRODUCT_BUNDLE_IDENTIFIER = "com.litt1e-p.UIWindow-Transition-Sample";
				PRODUCT_NAME = "$(TARGET_NAME)";
			};
			name = Release;
		};
/* End XCBuildConfiguration section */

/* Begin XCConfigurationList section */
		04AC4AFE1D473D220016E4F3 /* Build configuration list for PBXProject "UIWindow-Transition-Sample" */ = {
			isa = XCConfigurationList;
			buildConfigurations = (
				04AC4B131D473D220016E4F3 /* Debug */,
				04AC4B141D473D220016E4F3 /* Release */,
			);
			defaultConfigurationIsVisible = 0;
			defaultConfigurationName = Release;
		};
		04AC4B151D473D220016E4F3 /* Build configuration list for PBXNativeTarget "UIWindow-Transition-Sample" */ = {
			isa = XCConfigurationList;
			buildConfigurations = (
				04AC4B161D473D220016E4F3 /* Debug */,
				04AC4B171D473D220016E4F3 /* Release */,
			);
			defaultConfigurationIsVisible = 0;
		};
/* End XCConfigurationList section */
	};
	rootObject = 04AC4AFB1D473D220016E4F3 /* Project object */;
}
